
Microsoft Visual Studio Solution File, Format Version 12.00
# Visual Studio Version 17
VisualStudioVersion = 17.0.32112.339
MinimumVisualStudioVersion = 10.0.40219.1
Project("{FAE04EC0-301F-11D3-BF4B-00C04F79EFBC}") = "project", "project.csproj", "{D7A69274-05B3-47FA-BFDB-F1107DC7940D}"
EndProject
Project("{FAE04EC0-301F-11D3-BF4B-00C04F79EFBC}") = "engine", "..\engine\engine.csproj", "{FCAFDC74-5F40-476E-A17B-75DFC7706E42}"
EndProject
Global
	GlobalSection(SolutionConfigurationPlatforms) = preSolution
		Debug|Any CPU = Debug|Any CPU
		Release|Any CPU = Release|Any CPU
	EndGlobalSection
	GlobalSection(ProjectConfigurationPlatforms) = postSolution
		{D7A69274-05B3-47FA-BFDB-F1107DC7940D}.Debug|Any CPU.ActiveCfg = Debug|Any CPU
		{D7A69274-05B3-47FA-BFDB-F1107DC7940D}.Debug|Any CPU.Build.0 = Debug|Any CPU
		{D7A69274-05B3-47FA-BFDB-F1107DC7940D}.Release|Any CPU.ActiveCfg = Release|Any CPU
		{D7A69274-05B3-47FA-BFDB-F1107DC7940D}.Release|Any CPU.Build.0 = Release|Any CPU
		{FCAFDC74-5F40-476E-A17B-75DFC7706E42}.Debug|Any CPU.ActiveCfg = Debug|Any CPU
		{FCAFDC74-5F40-476E-A17B-75DFC7706E42}.Debug|Any CPU.Build.0 = Debug|Any CPU
		{FCAFDC74-5F40-476E-A17B-75DFC7706E42}.Release|Any CPU.ActiveCfg = Release|Any CPU
		{FCAFDC74-5F40-476E-A17B-75DFC7706E42}.Release|Any CPU.Build.0 = Release|Any CPU
	EndGlobalSection
	GlobalSection(SolutionProperties) = preSolution
		HideSolutionNode = FALSE
	EndGlobalSection
	GlobalSection(ExtensibilityGlobals) = postSolution
		SolutionGuid = {7440EA8B-A23A-4C7A-809C-7B5E69431A28}
	EndGlobalSection
EndGlobal
